{
  "name": "test1",
  "version": "1.0.0",
  "lockfileVersion": 2,
  "requires": true,
  "packages": {
    "": {
      "name": "test1",
      "version": "1.0.0",
      "license": "ISC",
      "dependencies": {
        "calc-m": "^1.0.0",
        "calc-mkbhd": "^1.0.0"
      }
    },
    "node_modules/calc-m": {
      "version": "1.0.0",
      "resolved": "https://registry.npmjs.org/calc-m/-/calc-m-1.0.0.tgz",
      "integrity": "sha512-po6qYuLh+/R/QoBFwshSsx7h85Y887lud+UKGxQV0scYcBFG6F0sFBQWPjfx44YybUkj1qE0Sk0ClFkyQi+5Wg=="
    },
    "node_modules/calc-mkbhd": {
      "version": "1.0.0",
      "resolved": "https://registry.npmjs.org/calc-mkbhd/-/calc-mkbhd-1.0.0.tgz",
      "integrity": "sha512-R/HK3aDDvpKwNL5p7b4jxgEpLh/cm5SALvxnszpFFHQRzn/C2eizxn9lMCCtvIoZpQQVHyNddkBtZuDA4kMjsA=="
    }
  },
  "dependencies": {
    "calc-m": {
      "version": "1.0.0",
      "resolved": "https://registry.npmjs.org/calc-m/-/calc-m-1.0.0.tgz",
      "integrity": "sha512-po6qYuLh+/R/QoBFwshSsx7h85Y887lud+UKGxQV0scYcBFG6F0sFBQWPjfx44YybUkj1qE0Sk0ClFkyQi+5Wg=="
    },
    "calc-mkbhd": {
      "version": "1.0.0",
      "resolved": "https://registry.npmjs.org/calc-mkbhd/-/calc-mkbhd-1.0.0.tgz",
      "integrity": "sha512-R/HK3aDDvpKwNL5p7b4jxgEpLh/cm5SALvxnszpFFHQRzn/C2eizxn9lMCCtvIoZpQQVHyNddkBtZuDA4kMjsA=="
    }
  }
}
